// !$*UTF8*$!
{
	archiveVersion = 1;
	classes = {
	};
	objectVersion = 48;
	objects = {

/* Begin PBXBuildFile section */
		BC65ADA06190D75E39CC4AFA /* Pods_Smack_app_udemy.framework in Frameworks */ = {isa = PBXBuildFile; fileRef = 2E62213C17FF56DD13E9E79C /* Pods_Smack_app_udemy.framework */; };
		C81CF5D520691B90006DE707 /* AppDelegate.swift in Sources */ = {isa = PBXBuildFile; fileRef = C81CF5D420691B90006DE707 /* AppDelegate.swift */; };
		C81CF5DA20691B90006DE707 /* Main.storyboard in Resources */ = {isa = PBXBuildFile; fileRef = C81CF5D820691B90006DE707 /* Main.storyboard */; };
		C81CF5DF20691B90006DE707 /* LaunchScreen.storyboard in Resources */ = {isa = PBXBuildFile; fileRef = C81CF5DD20691B90006DE707 /* LaunchScreen.storyboard */; };
		C81D1781207E31460039B9DC /* RoundedButton.swift in Sources */ = {isa = PBXBuildFile; fileRef = C81D1780207E31460039B9DC /* RoundedButton.swift */; };
		C820DB06206E2D5200E98F4C /* LoginVC.swift in Sources */ = {isa = PBXBuildFile; fileRef = C820DB05206E2D5200E98F4C /* LoginVC.swift */; };
		C84F3341207F3FBE003739A3 /* Alert.swift in Sources */ = {isa = PBXBuildFile; fileRef = C84F3340207F3FBE003739A3 /* Alert.swift */; };
		C84F3361207F5915003739A3 /* UserDataService.swift in Sources */ = {isa = PBXBuildFile; fileRef = C84F3360207F5915003739A3 /* UserDataService.swift */; };
		C85A853B207DFC6A00D02E7E /* AuthService.swift in Sources */ = {isa = PBXBuildFile; fileRef = C85A853A207DFC6A00D02E7E /* AuthService.swift */; };
		C86621F1206B89870011F669 /* SWRevealViewController.m in Sources */ = {isa = PBXBuildFile; fileRef = C86621F0206B89870011F669 /* SWRevealViewController.m */; };
		C8676059206BCCE000256E52 /* GradientView.swift in Sources */ = {isa = PBXBuildFile; fileRef = C8676058206BCCE000256E52 /* GradientView.swift */; };
		C87875252085E1B900634D05 /* CircleImageView.swift in Sources */ = {isa = PBXBuildFile; fileRef = C87875242085E1B900634D05 /* CircleImageView.swift */; };
		C8883B04206D26ED00933F57 /* Constants.swift in Sources */ = {isa = PBXBuildFile; fileRef = C8883B03206D26ED00933F57 /* Constants.swift */; };
		C8913E5420764F7A00ACB737 /* Assets.xcassets in Resources */ = {isa = PBXBuildFile; fileRef = C8913E5320764F7900ACB737 /* Assets.xcassets */; };
		C89D4476206B8010004AD1EF /* ChatVC.swift in Sources */ = {isa = PBXBuildFile; fileRef = C89D4475206B8010004AD1EF /* ChatVC.swift */; };
		C89D4478206B8022004AD1EF /* ChannelVC.swift in Sources */ = {isa = PBXBuildFile; fileRef = C89D4477206B8022004AD1EF /* ChannelVC.swift */; };
		C8B66262210B3598001E96B8 /* MessageService.swift in Sources */ = {isa = PBXBuildFile; fileRef = C8B66261210B3598001E96B8 /* MessageService.swift */; };
		C8B66264210B35CB001E96B8 /* Channnel.swift in Sources */ = {isa = PBXBuildFile; fileRef = C8B66263210B35CB001E96B8 /* Channnel.swift */; };
		C8BBE8C120877ABA0039B8C3 /* Smack_app_udemyTests.swift in Sources */ = {isa = PBXBuildFile; fileRef = C8BBE8C020877ABA0039B8C3 /* Smack_app_udemyTests.swift */; };
		C8BBE8CA208787790039B8C3 /* ProfileVC.swift in Sources */ = {isa = PBXBuildFile; fileRef = C8BBE8C8208787790039B8C3 /* ProfileVC.swift */; };
		C8BBE8CB208787790039B8C3 /* ProfileVC.xib in Resources */ = {isa = PBXBuildFile; fileRef = C8BBE8C9208787790039B8C3 /* ProfileVC.xib */; };
		C8DFFC292084963000D8CC8A /* AvatarPickerVC.swift in Sources */ = {isa = PBXBuildFile; fileRef = C8DFFC282084963000D8CC8A /* AvatarPickerVC.swift */; };
		C8DFFC2B2084984E00D8CC8A /* CustomSegmentedControl.swift in Sources */ = {isa = PBXBuildFile; fileRef = C8DFFC2A2084984D00D8CC8A /* CustomSegmentedControl.swift */; };
		C8DFFC2D2084A37600D8CC8A /* AvatarCell.swift in Sources */ = {isa = PBXBuildFile; fileRef = C8DFFC2C2084A37600D8CC8A /* AvatarCell.swift */; };
		C8FE9F2E20721353003B2C41 /* CreateAccountVC.swift in Sources */ = {isa = PBXBuildFile; fileRef = C8FE9F2D20721353003B2C41 /* CreateAccountVC.swift */; };
/* End PBXBuildFile section */

/* Begin PBXContainerItemProxy section */
		C8BBE8C320877ABA0039B8C3 /* PBXContainerItemProxy */ = {
			isa = PBXContainerItemProxy;
			containerPortal = C81CF5C920691B90006DE707 /* Project object */;
			proxyType = 1;
			remoteGlobalIDString = C81CF5D020691B90006DE707;
			remoteInfo = "Smack-app-udemy";
		};
/* End PBXContainerItemProxy section */

/* Begin PBXFileReference section */
		2E62213C17FF56DD13E9E79C /* Pods_Smack_app_udemy.framework */ = {isa = PBXFileReference; explicitFileType = wrapper.framework; includeInIndex = 0; path = Pods_Smack_app_udemy.framework; sourceTree = BUILT_PRODUCTS_DIR; };
		3A04A39227E50BEC211AA443 /* Pods-Smack-app-udemy.release.xcconfig */ = {isa = PBXFileReference; includeInIndex = 1; lastKnownFileType = text.xcconfig; name = "Pods-Smack-app-udemy.release.xcconfig"; path = "Pods/Target Support Files/Pods-Smack-app-udemy/Pods-Smack-app-udemy.release.xcconfig"; sourceTree = "<group>"; };
		A30B05CD853205F568F903FB /* Pods-Smack-app-udemy.debug.xcconfig */ = {isa = PBXFileReference; includeInIndex = 1; lastKnownFileType = text.xcconfig; name = "Pods-Smack-app-udemy.debug.xcconfig"; path = "Pods/Target Support Files/Pods-Smack-app-udemy/Pods-Smack-app-udemy.debug.xcconfig"; sourceTree = "<group>"; };
		C81CF5D120691B90006DE707 /* Smack-app-udemy.app */ = {isa = PBXFileReference; explicitFileType = wrapper.application; includeInIndex = 0; path = "Smack-app-udemy.app"; sourceTree = BUILT_PRODUCTS_DIR; };
		C81CF5D420691B90006DE707 /* AppDelegate.swift */ = {isa = PBXFileReference; lastKnownFileType = sourcecode.swift; path = AppDelegate.swift; sourceTree = "<group>"; };
		C81CF5D920691B90006DE707 /* Base */ = {isa = PBXFileReference; lastKnownFileType = file.storyboard; name = Base; path = Base.lproj/Main.storyboard; sourceTree = "<group>"; };
		C81CF5DE20691B90006DE707 /* Base */ = {isa = PBXFileReference; lastKnownFileType = file.storyboard; name = Base; path = Base.lproj/LaunchScreen.storyboard; sourceTree = "<group>"; };
		C81CF5E020691B90006DE707 /* Info.plist */ = {isa = PBXFileReference; lastKnownFileType = text.plist.xml; path = Info.plist; sourceTree = "<group>"; };
		C81D1780207E31460039B9DC /* RoundedButton.swift */ = {isa = PBXFileReference; lastKnownFileType = sourcecode.swift; path = RoundedButton.swift; sourceTree = "<group>"; };
		C820DB05206E2D5200E98F4C /* LoginVC.swift */ = {isa = PBXFileReference; lastKnownFileType = sourcecode.swift; path = LoginVC.swift; sourceTree = "<group>"; };
		C84F3340207F3FBE003739A3 /* Alert.swift */ = {isa = PBXFileReference; lastKnownFileType = sourcecode.swift; path = Alert.swift; sourceTree = "<group>"; };
		C84F3360207F5915003739A3 /* UserDataService.swift */ = {isa = PBXFileReference; lastKnownFileType = sourcecode.swift; path = UserDataService.swift; sourceTree = "<group>"; };
		C85A853A207DFC6A00D02E7E /* AuthService.swift */ = {isa = PBXFileReference; lastKnownFileType = sourcecode.swift; path = AuthService.swift; sourceTree = "<group>"; };
		C86621EF206B89870011F669 /* SWRevealViewController.h */ = {isa = PBXFileReference; fileEncoding = 4; lastKnownFileType = sourcecode.c.h; path = SWRevealViewController.h; sourceTree = "<group>"; };
		C86621F0206B89870011F669 /* SWRevealViewController.m */ = {isa = PBXFileReference; fileEncoding = 4; lastKnownFileType = sourcecode.c.objc; path = SWRevealViewController.m; sourceTree = "<group>"; };
		C8676058206BCCE000256E52 /* GradientView.swift */ = {isa = PBXFileReference; lastKnownFileType = sourcecode.swift; path = GradientView.swift; sourceTree = "<group>"; };
		C87875242085E1B900634D05 /* CircleImageView.swift */ = {isa = PBXFileReference; lastKnownFileType = sourcecode.swift; path = CircleImageView.swift; sourceTree = "<group>"; };
		C8883B03206D26ED00933F57 /* Constants.swift */ = {isa = PBXFileReference; lastKnownFileType = sourcecode.swift; path = Constants.swift; sourceTree = "<group>"; };
		C8913E5320764F7900ACB737 /* Assets.xcassets */ = {isa = PBXFileReference; lastKnownFileType = folder.assetcatalog; path = Assets.xcassets; sourceTree = "<group>"; };
		C89D4475206B8010004AD1EF /* ChatVC.swift */ = {isa = PBXFileReference; lastKnownFileType = sourcecode.swift; path = ChatVC.swift; sourceTree = "<group>"; };
		C89D4477206B8022004AD1EF /* ChannelVC.swift */ = {isa = PBXFileReference; lastKnownFileType = sourcecode.swift; path = ChannelVC.swift; sourceTree = "<group>"; };
		C8B66261210B3598001E96B8 /* MessageService.swift */ = {isa = PBXFileReference; lastKnownFileType = sourcecode.swift; path = MessageService.swift; sourceTree = "<group>"; };
		C8B66263210B35CB001E96B8 /* Channnel.swift */ = {isa = PBXFileReference; lastKnownFileType = sourcecode.swift; path = Channnel.swift; sourceTree = "<group>"; };
		C8BBE8BE20877ABA0039B8C3 /* Smack-app-udemyTests.xctest */ = {isa = PBXFileReference; explicitFileType = wrapper.cfbundle; includeInIndex = 0; path = "Smack-app-udemyTests.xctest"; sourceTree = BUILT_PRODUCTS_DIR; };
		C8BBE8C020877ABA0039B8C3 /* Smack_app_udemyTests.swift */ = {isa = PBXFileReference; lastKnownFileType = sourcecode.swift; path = Smack_app_udemyTests.swift; sourceTree = "<group>"; };
		C8BBE8C220877ABA0039B8C3 /* Info.plist */ = {isa = PBXFileReference; lastKnownFileType = text.plist.xml; path = Info.plist; sourceTree = "<group>"; };
		C8BBE8C8208787790039B8C3 /* ProfileVC.swift */ = {isa = PBXFileReference; lastKnownFileType = sourcecode.swift; path = ProfileVC.swift; sourceTree = "<group>"; };
		C8BBE8C9208787790039B8C3 /* ProfileVC.xib */ = {isa = PBXFileReference; lastKnownFileType = file.xib; path = ProfileVC.xib; sourceTree = "<group>"; };
		C8DFFC282084963000D8CC8A /* AvatarPickerVC.swift */ = {isa = PBXFileReference; lastKnownFileType = sourcecode.swift; path = AvatarPickerVC.swift; sourceTree = "<group>"; };
		C8DFFC2A2084984D00D8CC8A /* CustomSegmentedControl.swift */ = {isa = PBXFileReference; fileEncoding = 4; lastKnownFileType = sourcecode.swift; path = CustomSegmentedControl.swift; sourceTree = "<group>"; };
		C8DFFC2C2084A37600D8CC8A /* AvatarCell.swift */ = {isa = PBXFileReference; lastKnownFileType = sourcecode.swift; path = AvatarCell.swift; sourceTree = "<group>"; };
		C8FE9F2D20721353003B2C41 /* CreateAccountVC.swift */ = {isa = PBXFileReference; lastKnownFileType = sourcecode.swift; path = CreateAccountVC.swift; sourceTree = "<group>"; };
/* End PBXFileReference section */

/* Begin PBXFrameworksBuildPhase section */
		C81CF5CE20691B90006DE707 /* Frameworks */ = {
			isa = PBXFrameworksBuildPhase;
			buildActionMask = 2147483647;
			files = (
				BC65ADA06190D75E39CC4AFA /* Pods_Smack_app_udemy.framework in Frameworks */,
			);
			runOnlyForDeploymentPostprocessing = 0;
		};
		C8BBE8BB20877ABA0039B8C3 /* Frameworks */ = {
			isa = PBXFrameworksBuildPhase;
			buildActionMask = 2147483647;
			files = (
			);
			runOnlyForDeploymentPostprocessing = 0;
		};
/* End PBXFrameworksBuildPhase section */

/* Begin PBXGroup section */
		2A11189B88718B55874440B8 /* Frameworks */ = {
			isa = PBXGroup;
			children = (
				2E62213C17FF56DD13E9E79C /* Pods_Smack_app_udemy.framework */,
			);
			name = Frameworks;
			sourceTree = "<group>";
		};
		C81CF5C820691B90006DE707 = {
			isa = PBXGroup;
			children = (
				C81CF5D320691B90006DE707 /* Smack-app-udemy */,
				C8BBE8BF20877ABA0039B8C3 /* Smack-app-udemyTests */,
				C81CF5D220691B90006DE707 /* Products */,
				E343DDD8F046EA427A01EA3D /* Pods */,
				2A11189B88718B55874440B8 /* Frameworks */,
			);
			sourceTree = "<group>";
		};
		C81CF5D220691B90006DE707 /* Products */ = {
			isa = PBXGroup;
			children = (
				C81CF5D120691B90006DE707 /* Smack-app-udemy.app */,
				C8BBE8BE20877ABA0039B8C3 /* Smack-app-udemyTests.xctest */,
			);
			name = Products;
			sourceTree = "<group>";
		};
		C81CF5D320691B90006DE707 /* Smack-app-udemy */ = {
			isa = PBXGroup;
			children = (
				C8B66260210AFEAA001E96B8 /* Application setup */,
				C85A8539207DFC5500D02E7E /* Services */,
				C89D4473206B7F7C004AD1EF /* Model */,
				C89D4474206B7F87004AD1EF /* View */,
				C89D4472206B7F66004AD1EF /* Controller */,
				C8883B02206D26D400933F57 /* Utilities */,
				C86621EB206B890B0011F669 /* Supporting files */,
			);
			path = "Smack-app-udemy";
			sourceTree = "<group>";
		};
		C85A8539207DFC5500D02E7E /* Services */ = {
			isa = PBXGroup;
			children = (
				C85A853A207DFC6A00D02E7E /* AuthService.swift */,
				C84F3360207F5915003739A3 /* UserDataService.swift */,
				C8B66261210B3598001E96B8 /* MessageService.swift */,
			);
			path = Services;
			sourceTree = "<group>";
		};
		C86621EB206B890B0011F669 /* Supporting files */ = {
			isa = PBXGroup;
			children = (
				C86621EF206B89870011F669 /* SWRevealViewController.h */,
				C86621F0206B89870011F669 /* SWRevealViewController.m */,
				C8913E5320764F7900ACB737 /* Assets.xcassets */,
				C81CF5E020691B90006DE707 /* Info.plist */,
			);
			path = "Supporting files";
			sourceTree = "<group>";
		};
		C8883B02206D26D400933F57 /* Utilities */ = {
			isa = PBXGroup;
			children = (
				C8883B03206D26ED00933F57 /* Constants.swift */,
				C84F3340207F3FBE003739A3 /* Alert.swift */,
			);
			path = Utilities;
			sourceTree = "<group>";
		};
		C89D4472206B7F66004AD1EF /* Controller */ = {
			isa = PBXGroup;
			children = (
				C89D4475206B8010004AD1EF /* ChatVC.swift */,
				C89D4477206B8022004AD1EF /* ChannelVC.swift */,
				C820DB05206E2D5200E98F4C /* LoginVC.swift */,
				C8FE9F2D20721353003B2C41 /* CreateAccountVC.swift */,
				C8DFFC282084963000D8CC8A /* AvatarPickerVC.swift */,
				C8BBE8C8208787790039B8C3 /* ProfileVC.swift */,
			);
			path = Controller;
			sourceTree = "<group>";
		};
		C89D4473206B7F7C004AD1EF /* Model */ = {
			isa = PBXGroup;
			children = (
				C8B66263210B35CB001E96B8 /* Channnel.swift */,
			);
			path = Model;
			sourceTree = "<group>";
		};
		C89D4474206B7F87004AD1EF /* View */ = {
			isa = PBXGroup;
			children = (
				C8BBE8CC208787AD0039B8C3 /* XIBs */,
				C8DFFC2A2084984D00D8CC8A /* CustomSegmentedControl.swift */,
				C8676058206BCCE000256E52 /* GradientView.swift */,
				C81D1780207E31460039B9DC /* RoundedButton.swift */,
				C8DFFC2C2084A37600D8CC8A /* AvatarCell.swift */,
				C87875242085E1B900634D05 /* CircleImageView.swift */,
			);
			path = View;
			sourceTree = "<group>";
		};
		C8B66260210AFEAA001E96B8 /* Application setup */ = {
			isa = PBXGroup;
			children = (
				C81CF5D420691B90006DE707 /* AppDelegate.swift */,
				C81CF5D820691B90006DE707 /* Main.storyboard */,
				C81CF5DD20691B90006DE707 /* LaunchScreen.storyboard */,
			);
			path = "Application setup";
			sourceTree = "<group>";
		};
		C8BBE8BF20877ABA0039B8C3 /* Smack-app-udemyTests */ = {
			isa = PBXGroup;
			children = (
				C8BBE8C020877ABA0039B8C3 /* Smack_app_udemyTests.swift */,
				C8BBE8C220877ABA0039B8C3 /* Info.plist */,
			);
			path = "Smack-app-udemyTests";
			sourceTree = "<group>";
		};
		C8BBE8CC208787AD0039B8C3 /* XIBs */ = {
			isa = PBXGroup;
			children = (
				C8BBE8C9208787790039B8C3 /* ProfileVC.xib */,
			);
			path = XIBs;
			sourceTree = "<group>";
		};
		E343DDD8F046EA427A01EA3D /* Pods */ = {
			isa = PBXGroup;
			children = (
				A30B05CD853205F568F903FB /* Pods-Smack-app-udemy.debug.xcconfig */,
				3A04A39227E50BEC211AA443 /* Pods-Smack-app-udemy.release.xcconfig */,
			);
			name = Pods;
			sourceTree = "<group>";
		};
/* End PBXGroup section */

/* Begin PBXNativeTarget section */
		C81CF5D020691B90006DE707 /* Smack-app-udemy */ = {
			isa = PBXNativeTarget;
			buildConfigurationList = C81CF5E320691B90006DE707 /* Build configuration list for PBXNativeTarget "Smack-app-udemy" */;
			buildPhases = (
				B355E88C13CCB143A9B85D49 /* [CP] Check Pods Manifest.lock */,
				C81CF5CD20691B90006DE707 /* Sources */,
				C81CF5CE20691B90006DE707 /* Frameworks */,
				C81CF5CF20691B90006DE707 /* Resources */,
				C0B20EC9C9A69A2216586BF8 /* [CP] Embed Pods Frameworks */,
				7C455562D7AD0489D7807987 /* [CP] Copy Pods Resources */,
			);
			buildRules = (
			);
			dependencies = (
			);
			name = "Smack-app-udemy";
			productName = "Smack-app-udemy";
			productReference = C81CF5D120691B90006DE707 /* Smack-app-udemy.app */;
			productType = "com.apple.product-type.application";
		};
		C8BBE8BD20877ABA0039B8C3 /* Smack-app-udemyTests */ = {
			isa = PBXNativeTarget;
			buildConfigurationList = C8BBE8C720877ABA0039B8C3 /* Build configuration list for PBXNativeTarget "Smack-app-udemyTests" */;
			buildPhases = (
				C8BBE8BA20877ABA0039B8C3 /* Sources */,
				C8BBE8BB20877ABA0039B8C3 /* Frameworks */,
				C8BBE8BC20877ABA0039B8C3 /* Resources */,
			);
			buildRules = (
			);
			dependencies = (
				C8BBE8C420877ABA0039B8C3 /* PBXTargetDependency */,
			);
			name = "Smack-app-udemyTests";
			productName = "Smack-app-udemyTests";
			productReference = C8BBE8BE20877ABA0039B8C3 /* Smack-app-udemyTests.xctest */;
			productType = "com.apple.product-type.bundle.unit-test";
		};
/* End PBXNativeTarget section */

/* Begin PBXProject section */
		C81CF5C920691B90006DE707 /* Project object */ = {
			isa = PBXProject;
			attributes = {
				LastSwiftUpdateCheck = 0930;
				LastUpgradeCheck = 0920;
				ORGANIZATIONNAME = "Роман Мисников";
				TargetAttributes = {
					C81CF5D020691B90006DE707 = {
						CreatedOnToolsVersion = 9.2;
						LastSwiftMigration = 0920;
						ProvisioningStyle = Automatic;
					};
					C8BBE8BD20877ABA0039B8C3 = {
						CreatedOnToolsVersion = 9.3;
						ProvisioningStyle = Automatic;
						TestTargetID = C81CF5D020691B90006DE707;
					};
				};
			};
			buildConfigurationList = C81CF5CC20691B90006DE707 /* Build configuration list for PBXProject "Smack-app-udemy" */;
			compatibilityVersion = "Xcode 8.0";
			developmentRegion = en;
			hasScannedForEncodings = 0;
			knownRegions = (
				en,
				Base,
			);
			mainGroup = C81CF5C820691B90006DE707;
			productRefGroup = C81CF5D220691B90006DE707 /* Products */;
			projectDirPath = "";
			projectRoot = "";
			targets = (
				C81CF5D020691B90006DE707 /* Smack-app-udemy */,
				C8BBE8BD20877ABA0039B8C3 /* Smack-app-udemyTests */,
			);
		};
/* End PBXProject section */

/* Begin PBXResourcesBuildPhase section */
		C81CF5CF20691B90006DE707 /* Resources */ = {
			isa = PBXResourcesBuildPhase;
			buildActionMask = 2147483647;
			files = (
				C8BBE8CB208787790039B8C3 /* ProfileVC.xib in Resources */,
				C81CF5DF20691B90006DE707 /* LaunchScreen.storyboard in Resources */,
				C8913E5420764F7A00ACB737 /* Assets.xcassets in Resources */,
				C81CF5DA20691B90006DE707 /* Main.storyboard in Resources */,
			);
			runOnlyForDeploymentPostprocessing = 0;
		};
		C8BBE8BC20877ABA0039B8C3 /* Resources */ = {
			isa = PBXResourcesBuildPhase;
			buildActionMask = 2147483647;
			files = (
			);
			runOnlyForDeploymentPostprocessing = 0;
		};
/* End PBXResourcesBuildPhase section */

/* Begin PBXShellScriptBuildPhase section */
		7C455562D7AD0489D7807987 /* [CP] Copy Pods Resources */ = {
			isa = PBXShellScriptBuildPhase;
			buildActionMask = 2147483647;
			files = (
			);
			inputPaths = (
			);
			name = "[CP] Copy Pods Resources";
			outputPaths = (
			);
			runOnlyForDeploymentPostprocessing = 0;
			shellPath = /bin/sh;
			shellScript = "\"${SRCROOT}/Pods/Target Support Files/Pods-Smack-app-udemy/Pods-Smack-app-udemy-resources.sh\"\n";
			showEnvVarsInLog = 0;
		};
		B355E88C13CCB143A9B85D49 /* [CP] Check Pods Manifest.lock */ = {
			isa = PBXShellScriptBuildPhase;
			buildActionMask = 2147483647;
			files = (
			);
			inputPaths = (
				"${PODS_PODFILE_DIR_PATH}/Podfile.lock",
				"${PODS_ROOT}/Manifest.lock",
			);
			name = "[CP] Check Pods Manifest.lock";
			outputPaths = (
				"$(DERIVED_FILE_DIR)/Pods-Smack-app-udemy-checkManifestLockResult.txt",
			);
			runOnlyForDeploymentPostprocessing = 0;
			shellPath = /bin/sh;
			shellScript = "diff \"${PODS_PODFILE_DIR_PATH}/Podfile.lock\" \"${PODS_ROOT}/Manifest.lock\" > /dev/null\nif [ $? != 0 ] ; then\n    # print error to STDERR\n    echo \"error: The sandbox is not in sync with the Podfile.lock. Run 'pod install' or update your CocoaPods installation.\" >&2\n    exit 1\nfi\n# This output is used by Xcode 'outputs' to avoid re-running this script phase.\necho \"SUCCESS\" > \"${SCRIPT_OUTPUT_FILE_0}\"\n";
			showEnvVarsInLog = 0;
		};
		C0B20EC9C9A69A2216586BF8 /* [CP] Embed Pods Frameworks */ = {
			isa = PBXShellScriptBuildPhase;
			buildActionMask = 2147483647;
			files = (
			);
			inputPaths = (
				"${SRCROOT}/Pods/Target Support Files/Pods-Smack-app-udemy/Pods-Smack-app-udemy-frameworks.sh",
				"${BUILT_PRODUCTS_DIR}/Alamofire/Alamofire.framework",
				"${BUILT_PRODUCTS_DIR}/NVActivityIndicatorView/NVActivityIndicatorView.framework",
				"${BUILT_PRODUCTS_DIR}/Socket.IO-Client-Swift/SocketIO.framework",
				"${BUILT_PRODUCTS_DIR}/Starscream/Starscream.framework",
				"${BUILT_PRODUCTS_DIR}/SwiftyJSON/SwiftyJSON.framework",
			);
			name = "[CP] Embed Pods Frameworks";
			outputPaths = (
				"${TARGET_BUILD_DIR}/${FRAMEWORKS_FOLDER_PATH}/Alamofire.framework",
				"${TARGET_BUILD_DIR}/${FRAMEWORKS_FOLDER_PATH}/NVActivityIndicatorView.framework",
				"${TARGET_BUILD_DIR}/${FRAMEWORKS_FOLDER_PATH}/SocketIO.framework",
				"${TARGET_BUILD_DIR}/${FRAMEWORKS_FOLDER_PATH}/Starscream.framework",
				"${TARGET_BUILD_DIR}/${FRAMEWORKS_FOLDER_PATH}/SwiftyJSON.framework",
			);
			runOnlyForDeploymentPostprocessing = 0;
			shellPath = /bin/sh;
			shellScript = "\"${SRCROOT}/Pods/Target Support Files/Pods-Smack-app-udemy/Pods-Smack-app-udemy-frameworks.sh\"\n";
			showEnvVarsInLog = 0;
		};
/* End PBXShellScriptBuildPhase section */

/* Begin PBXSourcesBuildPhase section */
		C81CF5CD20691B90006DE707 /* Sources */ = {
			isa = PBXSourcesBuildPhase;
			buildActionMask = 2147483647;
			files = (
				C89D4476206B8010004AD1EF /* ChatVC.swift in Sources */,
				C84F3361207F5915003739A3 /* UserDataService.swift in Sources */,
				C820DB06206E2D5200E98F4C /* LoginVC.swift in Sources */,
				C8676059206BCCE000256E52 /* GradientView.swift in Sources */,
				C86621F1206B89870011F669 /* SWRevealViewController.m in Sources */,
				C8FE9F2E20721353003B2C41 /* CreateAccountVC.swift in Sources */,
				C8B66264210B35CB001E96B8 /* Channnel.swift in Sources */,
				C84F3341207F3FBE003739A3 /* Alert.swift in Sources */,
				C87875252085E1B900634D05 /* CircleImageView.swift in Sources */,
				C8DFFC2B2084984E00D8CC8A /* CustomSegmentedControl.swift in Sources */,
				C81D1781207E31460039B9DC /* RoundedButton.swift in Sources */,
				C8DFFC2D2084A37600D8CC8A /* AvatarCell.swift in Sources */,
				C8BBE8CA208787790039B8C3 /* ProfileVC.swift in Sources */,
				C8883B04206D26ED00933F57 /* Constants.swift in Sources */,
				C8B66262210B3598001E96B8 /* MessageService.swift in Sources */,
				C85A853B207DFC6A00D02E7E /* AuthService.swift in Sources */,
				C8DFFC292084963000D8CC8A /* AvatarPickerVC.swift in Sources */,
				C81CF5D520691B90006DE707 /* AppDelegate.swift in Sources */,
				C89D4478206B8022004AD1EF /* ChannelVC.swift in Sources */,
			);
			runOnlyForDeploymentPostprocessing = 0;
		};
		C8BBE8BA20877ABA0039B8C3 /* Sources */ = {
			isa = PBXSourcesBuildPhase;
			buildActionMask = 2147483647;
			files = (
				C8BBE8C120877ABA0039B8C3 /* Smack_app_udemyTests.swift in Sources */,
			);
			runOnlyForDeploymentPostprocessing = 0;
		};
/* End PBXSourcesBuildPhase section */

/* Begin PBXTargetDependency section */
		C8BBE8C420877ABA0039B8C3 /* PBXTargetDependency */ = {
			isa = PBXTargetDependency;
			target = C81CF5D020691B90006DE707 /* Smack-app-udemy */;
			targetProxy = C8BBE8C320877ABA0039B8C3 /* PBXContainerItemProxy */;
		};
/* End PBXTargetDependency section */

/* Begin PBXVariantGroup section */
		C81CF5D820691B90006DE707 /* Main.storyboard */ = {
			isa = PBXVariantGroup;
			children = (
				C81CF5D920691B90006DE707 /* Base */,
			);
			name = Main.storyboard;
			sourceTree = "<group>";
		};
		C81CF5DD20691B90006DE707 /* LaunchScreen.storyboard */ = {
			isa = PBXVariantGroup;
			children = (
				C81CF5DE20691B90006DE707 /* Base */,
			);
			name = LaunchScreen.storyboard;
			sourceTree = "<group>";
		};
/* End PBXVariantGroup section */

/* Begin XCBuildConfiguration section */
		C81CF5E120691B90006DE707 /* Debug */ = {
			isa = XCBuildConfiguration;
			buildSettings = {
				ALWAYS_SEARCH_USER_PATHS = NO;
				CLANG_ANALYZER_NONNULL = YES;
				CLANG_ANALYZER_NUMBER_OBJECT_CONVERSION = YES_AGGRESSIVE;
				CLANG_CXX_LANGUAGE_STANDARD = "gnu++14";
				CLANG_CXX_LIBRARY = "libc++";
				CLANG_ENABLE_MODULES = YES;
				CLANG_ENABLE_OBJC_ARC = YES;
				CLANG_WARN_BLOCK_CAPTURE_AUTORELEASING = YES;
				CLANG_WARN_BOOL_CONVERSION = YES;
				CLANG_WARN_COMMA = YES;
				CLANG_WARN_CONSTANT_CONVERSION = YES;
				CLANG_WARN_DIRECT_OBJC_ISA_USAGE = YES_ERROR;
				CLANG_WARN_DOCUMENTATION_COMMENTS = YES;
				CLANG_WARN_EMPTY_BODY = YES;
				CLANG_WARN_ENUM_CONVERSION = YES;
				CLANG_WARN_INFINITE_RECURSION = YES;
				CLANG_WARN_INT_CONVERSION = YES;
				CLANG_WARN_NON_LITERAL_NULL_CONVERSION = YES;
				CLANG_WARN_OBJC_LITERAL_CONVERSION = YES;
				CLANG_WARN_OBJC_ROOT_CLASS = YES_ERROR;
				CLANG_WARN_RANGE_LOOP_ANALYSIS = YES;
				CLANG_WARN_STRICT_PROTOTYPES = YES;
				CLANG_WARN_SUSPICIOUS_MOVE = YES;
				CLANG_WARN_UNGUARDED_AVAILABILITY = YES_AGGRESSIVE;
				CLANG_WARN_UNREACHABLE_CODE = YES;
				CLANG_WARN__DUPLICATE_METHOD_MATCH = YES;
				CODE_SIGN_IDENTITY = "iPhone Developer";
				COPY_PHASE_STRIP = NO;
				DEBUG_INFORMATION_FORMAT = dwarf;
				ENABLE_STRICT_OBJC_MSGSEND = YES;
				ENABLE_TESTABILITY = YES;
				GCC_C_LANGUAGE_STANDARD = gnu11;
				GCC_DYNAMIC_NO_PIC = NO;
				GCC_NO_COMMON_BLOCKS = YES;
				GCC_OPTIMIZATION_LEVEL = 0;
				GCC_PREPROCESSOR_DEFINITIONS = (
					"DEBUG=1",
					"$(inherited)",
				);
				GCC_WARN_64_TO_32_BIT_CONVERSION = YES;
				GCC_WARN_ABOUT_RETURN_TYPE = YES_ERROR;
				GCC_WARN_UNDECLARED_SELECTOR = YES;
				GCC_WARN_UNINITIALIZED_AUTOS = YES_AGGRESSIVE;
				GCC_WARN_UNUSED_FUNCTION = YES;
				GCC_WARN_UNUSED_VARIABLE = YES;
				IPHONEOS_DEPLOYMENT_TARGET = 11.2;
				MTL_ENABLE_DEBUG_INFO = YES;
				ONLY_ACTIVE_ARCH = YES;
				SDKROOT = iphoneos;
				SWIFT_ACTIVE_COMPILATION_CONDITIONS = DEBUG;
				SWIFT_OPTIMIZATION_LEVEL = "-Onone";
			};
			name = Debug;
		};
		C81CF5E220691B90006DE707 /* Release */ = {
			isa = XCBuildConfiguration;
			buildSettings = {
				ALWAYS_SEARCH_USER_PATHS = NO;
				CLANG_ANALYZER_NONNULL = YES;
				CLANG_ANALYZER_NUMBER_OBJECT_CONVERSION = YES_AGGRESSIVE;
				CLANG_CXX_LANGUAGE_STANDARD = "gnu++14";
				CLANG_CXX_LIBRARY = "libc++";
				CLANG_ENABLE_MODULES = YES;
				CLANG_ENABLE_OBJC_ARC = YES;
				CLANG_WARN_BLOCK_CAPTURE_AUTORELEASING = YES;
				CLANG_WARN_BOOL_CONVERSION = YES;
				CLANG_WARN_COMMA = YES;
				CLANG_WARN_CONSTANT_CONVERSION = YES;
				CLANG_WARN_DIRECT_OBJC_ISA_USAGE = YES_ERROR;
				CLANG_WARN_DOCUMENTATION_COMMENTS = YES;
				CLANG_WARN_EMPTY_BODY = YES;
				CLANG_WARN_ENUM_CONVERSION = YES;
				CLANG_WARN_INFINITE_RECURSION = YES;
				CLANG_WARN_INT_CONVERSION = YES;
				CLANG_WARN_NON_LITERAL_NULL_CONVERSION = YES;
				CLANG_WARN_OBJC_LITERAL_CONVERSION = YES;
				CLANG_WARN_OBJC_ROOT_CLASS = YES_ERROR;
				CLANG_WARN_RANGE_LOOP_ANALYSIS = YES;
				CLANG_WARN_STRICT_PROTOTYPES = YES;
				CLANG_WARN_SUSPICIOUS_MOVE = YES;
				CLANG_WARN_UNGUARDED_AVAILABILITY = YES_AGGRESSIVE;
				CLANG_WARN_UNREACHABLE_CODE = YES;
				CLANG_WARN__DUPLICATE_METHOD_MATCH = YES;
				CODE_SIGN_IDENTITY = "iPhone Developer";
				COPY_PHASE_STRIP = NO;
				DEBUG_INFORMATION_FORMAT = "dwarf-with-dsym";
				ENABLE_NS_ASSERTIONS = NO;
				ENABLE_STRICT_OBJC_MSGSEND = YES;
				GCC_C_LANGUAGE_STANDARD = gnu11;
				GCC_NO_COMMON_BLOCKS = YES;
				GCC_WARN_64_TO_32_BIT_CONVERSION = YES;
				GCC_WARN_ABOUT_RETURN_TYPE = YES_ERROR;
				GCC_WARN_UNDECLARED_SELECTOR = YES;
				GCC_WARN_UNINITIALIZED_AUTOS = YES_AGGRESSIVE;
				GCC_WARN_UNUSED_FUNCTION = YES;
				GCC_WARN_UNUSED_VARIABLE = YES;
				IPHONEOS_DEPLOYMENT_TARGET = 11.2;
				MTL_ENABLE_DEBUG_INFO = NO;
				SDKROOT = iphoneos;
				SWIFT_OPTIMIZATION_LEVEL = "-Owholemodule";
				VALIDATE_PRODUCT = YES;
			};
			name = Release;
		};
		C81CF5E420691B90006DE707 /* Debug */ = {
			isa = XCBuildConfiguration;
			baseConfigurationReference = A30B05CD853205F568F903FB /* Pods-Smack-app-udemy.debug.xcconfig */;
			buildSettings = {
				ASSETCATALOG_COMPILER_APPICON_NAME = AppIcon;
				CLANG_ENABLE_MODULES = YES;
				CODE_SIGN_STYLE = Automatic;
				DEVELOPMENT_TEAM = JJHX98NUDV;
				INFOPLIST_FILE = "$(SRCROOT)/Smack-app-udemy/Supporting files/Info.plist";
				IPHONEOS_DEPLOYMENT_TARGET = 10.1;
				LD_RUNPATH_SEARCH_PATHS = "$(inherited) @executable_path/Frameworks";
				PRODUCT_BUNDLE_IDENTIFIER = "RFMisnikov.Smack-app-udemy";
				PRODUCT_NAME = "$(TARGET_NAME)";
				SWIFT_OBJC_BRIDGING_HEADER = "Smack-app-udemy/Supporting files/Smack-app-udemy-Bridging-Header.h";
				SWIFT_OPTIMIZATION_LEVEL = "-Onone";
				SWIFT_VERSION = 4.0;
				TARGETED_DEVICE_FAMILY = 1;
			};
			name = Debug;
		};
		C81CF5E520691B90006DE707 /* Release */ = {
			isa = XCBuildConfiguration;
			baseConfigurationReference = 3A04A39227E50BEC211AA443 /* Pods-Smack-app-udemy.release.xcconfig */;
			buildSettings = {
				ASSETCATALOG_COMPILER_APPICON_NAME = AppIcon;
				CLANG_ENABLE_MODULES = YES;
				CODE_SIGN_STYLE = Automatic;
				DEVELOPMENT_TEAM = JJHX98NUDV;
				INFOPLIST_FILE = "$(SRCROOT)/Smack-app-udemy/Supporting files/Info.plist";
				IPHONEOS_DEPLOYMENT_TARGET = 10.1;
				LD_RUNPATH_SEARCH_PATHS = "$(inherited) @executable_path/Frameworks";
				PRODUCT_BUNDLE_IDENTIFIER = "RFMisnikov.Smack-app-udemy";
				PRODUCT_NAME = "$(TARGET_NAME)";
				SWIFT_OBJC_BRIDGING_HEADER = "Smack-app-udemy/Supporting files/Smack-app-udemy-Bridging-Header.h";
				SWIFT_VERSION = 4.0;
				TARGETED_DEVICE_FAMILY = 1;
			};
			name = Release;
		};
		C8BBE8C520877ABA0039B8C3 /* Debug */ = {
			isa = XCBuildConfiguration;
			buildSettings = {
				BUNDLE_LOADER = "$(TEST_HOST)";
				CLANG_ENABLE_OBJC_WEAK = YES;
				CLANG_WARN_DEPRECATED_OBJC_IMPLEMENTATIONS = YES;
				CLANG_WARN_OBJC_IMPLICIT_RETAIN_SELF = YES;
				CODE_SIGN_STYLE = Automatic;
				DEVELOPMENT_TEAM = JJHX98NUDV;
				INFOPLIST_FILE = "Smack-app-udemyTests/Info.plist";
				IPHONEOS_DEPLOYMENT_TARGET = 11.3;
				LD_RUNPATH_SEARCH_PATHS = "$(inherited) @executable_path/Frameworks @loader_path/Frameworks";
				PRODUCT_BUNDLE_IDENTIFIER = "RFMisnikov.Smack-app-udemyTests";
				PRODUCT_NAME = "$(TARGET_NAME)";
				SWIFT_VERSION = 4.0;
				TARGETED_DEVICE_FAMILY = "1,2";
				TEST_HOST = "$(BUILT_PRODUCTS_DIR)/Smack-app-udemy.app/Smack-app-udemy";
			};
			name = Debug;
		};
		C8BBE8C620877ABA0039B8C3 /* Release */ = {
			isa = XCBuildConfiguration;
			buildSettings = {
				BUNDLE_LOADER = "$(TEST_HOST)";
				CLANG_ENABLE_OBJC_WEAK = YES;
				CLANG_WARN_DEPRECATED_OBJC_IMPLEMENTATIONS = YES;
				CLANG_WARN_OBJC_IMPLICIT_RETAIN_SELF = YES;
				CODE_SIGN_STYLE = Automatic;
				DEVELOPMENT_TEAM = JJHX98NUDV;
				INFOPLIST_FILE = "Smack-app-udemyTests/Info.plist";
				IPHONEOS_DEPLOYMENT_TARGET = 11.3;
				LD_RUNPATH_SEARCH_PATHS = "$(inherited) @executable_path/Frameworks @loader_path/Frameworks";
				PRODUCT_BUNDLE_IDENTIFIER = "RFMisnikov.Smack-app-udemyTests";
				PRODUCT_NAME = "$(TARGET_NAME)";
				SWIFT_VERSION = 4.0;
				TARGETED_DEVICE_FAMILY = "1,2";
				TEST_HOST = "$(BUILT_PRODUCTS_DIR)/Smack-app-udemy.app/Smack-app-udemy";
			};
			name = Release;
		};
/* End XCBuildConfiguration section */

/* Begin XCConfigurationList section */
		C81CF5CC20691B90006DE707 /* Build configuration list for PBXProject "Smack-app-udemy" */ = {
			isa = XCConfigurationList;
			buildConfigurations = (
				C81CF5E120691B90006DE707 /* Debug */,
				C81CF5E220691B90006DE707 /* Release */,
			);
			defaultConfigurationIsVisible = 0;
			defaultConfigurationName = Release;
		};
		C81CF5E320691B90006DE707 /* Build configuration list for PBXNativeTarget "Smack-app-udemy" */ = {
			isa = XCConfigurationList;
			buildConfigurations = (
				C81CF5E420691B90006DE707 /* Debug */,
				C81CF5E520691B90006DE707 /* Release */,
			);
			defaultConfigurationIsVisible = 0;
			defaultConfigurationName = Release;
		};
		C8BBE8C720877ABA0039B8C3 /* Build configuration list for PBXNativeTarget "Smack-app-udemyTests" */ = {
			isa = XCConfigurationList;
			buildConfigurations = (
				C8BBE8C520877ABA0039B8C3 /* Debug */,
				C8BBE8C620877ABA0039B8C3 /* Release */,
			);
			defaultConfigurationIsVisible = 0;
			defaultConfigurationName = Release;
		};
/* End XCConfigurationList section */
	};
	rootObject = C81CF5C920691B90006DE707 /* Project object */;
}
